
Microsoft Visual Studio Solution File, Format Version 12.00
# Visual Studio 2013
VisualStudioVersion = 12.0.31101.0
MinimumVisualStudioVersion = 10.0.40219.1
Project("{FAE04EC0-301F-11D3-BF4B-00C04F79EFBC}") = "WebApplication1", "WebApplication1\WebApplication1.csproj", "{C58BDA0D-133A-4314-8D69-8038D1028304}"
EndProject
Project("{2150E333-8FDC-42A3-9474-1A3956D46DE8}") = "PublishScripts", "PublishScripts", "{2EF23A8D-3C48-4BC8-92D3-0B15BD4F298C}"
	ProjectSection(SolutionItems) = preProject
		PublishScripts\AzureWebsitePublishModule.psm1 = PublishScripts\AzureWebsitePublishModule.psm1
		PublishScripts\Publish-WebApplicationWebsite.ps1 = PublishScripts\Publish-WebApplicationWebsite.ps1
	EndProjectSection
EndProject
Project("{2150E333-8FDC-42A3-9474-1A3956D46DE8}") = "Configurations", "Configurations", "{D13197F8-3423-4C6B-839F-C174EA1EC3E5}"
	ProjectSection(SolutionItems) = preProject
		PublishScripts\Configurations\WebApplication1-WAWS-dev.json = PublishScripts\Configurations\WebApplication1-WAWS-dev.json
	EndProjectSection
EndProject
Global
	GlobalSection(SolutionConfigurationPlatforms) = preSolution
		Debug|Any CPU = Debug|Any CPU
		Release|Any CPU = Release|Any CPU
	EndGlobalSection
	GlobalSection(ProjectConfigurationPlatforms) = postSolution
		{C58BDA0D-133A-4314-8D69-8038D1028304}.Debug|Any CPU.ActiveCfg = Debug|Any CPU
		{C58BDA0D-133A-4314-8D69-8038D1028304}.Debug|Any CPU.Build.0 = Debug|Any CPU
		{C58BDA0D-133A-4314-8D69-8038D1028304}.Release|Any CPU.ActiveCfg = Release|Any CPU
		{C58BDA0D-133A-4314-8D69-8038D1028304}.Release|Any CPU.Build.0 = Release|Any CPU
	EndGlobalSection
	GlobalSection(SolutionProperties) = preSolution
		HideSolutionNode = FALSE
	EndGlobalSection
	GlobalSection(NestedProjects) = preSolution
		{D13197F8-3423-4C6B-839F-C174EA1EC3E5} = {2EF23A8D-3C48-4BC8-92D3-0B15BD4F298C}
	EndGlobalSection
EndGlobal
